
Microsoft Visual Studio Solution File, Format Version 12.00
# Visual Studio Version 16
VisualStudioVersion = 16.0.28803.202
MinimumVisualStudioVersion = 10.0.40219.1
Project("{888888A0-9F3D-457C-B088-3A5042F75D52}") = "TrialOfTwoPlayerAnalysis", "TrialOfTwoPlayerAnalysis.pyproj", "{4D797757-4582-45D3-A4B4-56A4E95F00F4}"
EndProject
Global
	GlobalSection(SolutionConfigurationPlatforms) = preSolution
		Debug|Any CPU = Debug|Any CPU
		Release|Any CPU = Release|Any CPU
	EndGlobalSection
	GlobalSection(ProjectConfigurationPlatforms) = postSolution
		{4D797757-4582-45D3-A4B4-56A4E95F00F4}.Debug|Any CPU.ActiveCfg = Debug|Any CPU
		{4D797757-4582-45D3-A4B4-56A4E95F00F4}.Release|Any CPU.ActiveCfg = Release|Any CPU
	EndGlobalSection
	GlobalSection(SolutionProperties) = preSolution
		HideSolutionNode = FALSE
	EndGlobalSection
	GlobalSection(ExtensibilityGlobals) = postSolution
		SolutionGuid = {5BE5C453-7F59-4088-ACE3-883637204434}
	EndGlobalSection
EndGlobal
